
Microsoft Visual Studio Solution File, Format Version 10.00
# Visual C++ Express 2008
Project("{8BC9CEB8-8B4A-11D0-8D11-00A0C91BC942}") = "lzw-dec", "lzw-dec.vcproj", "{74BDEC06-50ED-4E2F-AEB5-794F2F21F092}"
EndProject
Project("{8BC9CEB8-8B4A-11D0-8D11-00A0C91BC942}") = "lzw-enc", "lzw-enc.vcproj", "{F23B27EE-FE46-4CAD-84BD-CAF1D2F06290}"
EndProject
Global
	GlobalSection(SolutionConfigurationPlatforms) = preSolution
		Debug|Win32 = Debug|Win32
		Release|Win32 = Release|Win32
	EndGlobalSection
	GlobalSection(ProjectConfigurationPlatforms) = postSolution
		{74BDEC06-50ED-4E2F-AEB5-794F2F21F092}.Debug|Win32.ActiveCfg = Debug|Win32
		{74BDEC06-50ED-4E2F-AEB5-794F2F21F092}.Debug|Win32.Build.0 = Debug|Win32
		{74BDEC06-50ED-4E2F-AEB5-794F2F21F092}.Release|Win32.ActiveCfg = Release|Win32
		{74BDEC06-50ED-4E2F-AEB5-794F2F21F092}.Release|Win32.Build.0 = Release|Win32
		{F23B27EE-FE46-4CAD-84BD-CAF1D2F06290}.Debug|Win32.ActiveCfg = Debug|Win32
		{F23B27EE-FE46-4CAD-84BD-CAF1D2F06290}.Debug|Win32.Build.0 = Debug|Win32
		{F23B27EE-FE46-4CAD-84BD-CAF1D2F06290}.Release|Win32.ActiveCfg = Release|Win32
		{F23B27EE-FE46-4CAD-84BD-CAF1D2F06290}.Release|Win32.Build.0 = Release|Win32
	EndGlobalSection
	GlobalSection(SolutionProperties) = preSolution
		HideSolutionNode = FALSE
	EndGlobalSection
EndGlobal
